
Microsoft Visual Studio Solution File, Format Version 12.00
# Visual Studio Version 16
VisualStudioVersion = 16.0.30503.244
MinimumVisualStudioVersion = 10.0.40219.1
Project("{9A19103F-16F7-4668-BE54-9A1E7A4F7556}") = "Mecanica.Modelos", "..\Mecanica.Modelos\Mecanica.Modelos.csproj", "{642ABBEE-3138-411F-AB38-70A984A27246}"
EndProject
Project("{9A19103F-16F7-4668-BE54-9A1E7A4F7556}") = "Mecanica.Repositorios", "..\Mecanica.Repositorios\Mecanica.Repositorios.csproj", "{F13595FE-2B02-43FD-A523-61B5C3CEE851}"
EndProject
Project("{9A19103F-16F7-4668-BE54-9A1E7A4F7556}") = "Mecanica.API", "..\Mecanica.API\Mecanica.API.csproj", "{4F1960AE-7DF3-4382-BC14-87E6DA3E7194}"
EndProject
Project("{9A19103F-16F7-4668-BE54-9A1E7A4F7556}") = "App", "App\App\App.csproj", "{6A1EACB0-AB96-46AE-8C60-B2A9B8356D66}"
EndProject
Project("{FAE04EC0-301F-11D3-BF4B-00C04F79EFBC}") = "App.Android", "App\App.Android\App.Android.csproj", "{338CDEA6-76EF-4DCF-A848-866CBEAD6055}"
EndProject
Project("{FAE04EC0-301F-11D3-BF4B-00C04F79EFBC}") = "App.iOS", "App\App.iOS\App.iOS.csproj", "{8F8EFA3C-F667-467F-93C2-81413691ACDC}"
EndProject
Global
	GlobalSection(SolutionConfigurationPlatforms) = preSolution
		Ad-Hoc|Any CPU = Ad-Hoc|Any CPU
		Ad-Hoc|iPhone = Ad-Hoc|iPhone
		Ad-Hoc|iPhoneSimulator = Ad-Hoc|iPhoneSimulator
		AppStore|Any CPU = AppStore|Any CPU
		AppStore|iPhone = AppStore|iPhone
		AppStore|iPhoneSimulator = AppStore|iPhoneSimulator
		Debug|Any CPU = Debug|Any CPU
		Debug|iPhone = Debug|iPhone
		Debug|iPhoneSimulator = Debug|iPhoneSimulator
		Release|Any CPU = Release|Any CPU
		Release|iPhone = Release|iPhone
		Release|iPhoneSimulator = Release|iPhoneSimulator
	EndGlobalSection
	GlobalSection(ProjectConfigurationPlatforms) = postSolution
		{642ABBEE-3138-411F-AB38-70A984A27246}.Ad-Hoc|Any CPU.ActiveCfg = Release|Any CPU
		{642ABBEE-3138-411F-AB38-70A984A27246}.Ad-Hoc|Any CPU.Build.0 = Release|Any CPU
		{642ABBEE-3138-411F-AB38-70A984A27246}.Ad-Hoc|iPhone.ActiveCfg = Release|Any CPU
		{642ABBEE-3138-411F-AB38-70A984A27246}.Ad-Hoc|iPhone.Build.0 = Release|Any CPU
		{642ABBEE-3138-411F-AB38-70A984A27246}.Ad-Hoc|iPhoneSimulator.ActiveCfg = Release|Any CPU
		{642ABBEE-3138-411F-AB38-70A984A27246}.Ad-Hoc|iPhoneSimulator.Build.0 = Release|Any CPU
		{642ABBEE-3138-411F-AB38-70A984A27246}.AppStore|Any CPU.ActiveCfg = Release|Any CPU
		{642ABBEE-3138-411F-AB38-70A984A27246}.AppStore|Any CPU.Build.0 = Release|Any CPU
		{642ABBEE-3138-411F-AB38-70A984A27246}.AppStore|iPhone.ActiveCfg = Release|Any CPU
		{642ABBEE-3138-411F-AB38-70A984A27246}.AppStore|iPhone.Build.0 = Release|Any CPU
		{642ABBEE-3138-411F-AB38-70A984A27246}.AppStore|iPhoneSimulator.ActiveCfg = Release|Any CPU
		{642ABBEE-3138-411F-AB38-70A984A27246}.AppStore|iPhoneSimulator.Build.0 = Release|Any CPU
		{642ABBEE-3138-411F-AB38-70A984A27246}.Debug|Any CPU.ActiveCfg = Debug|Any CPU
		{642ABBEE-3138-411F-AB38-70A984A27246}.Debug|Any CPU.Build.0 = Debug|Any CPU
		{642ABBEE-3138-411F-AB38-70A984A27246}.Debug|iPhone.ActiveCfg = Debug|Any CPU
		{642ABBEE-3138-411F-AB38-70A984A27246}.Debug|iPhone.Build.0 = Debug|Any CPU
		{642ABBEE-3138-411F-AB38-70A984A27246}.Debug|iPhoneSimulator.ActiveCfg = Debug|Any CPU
		{642ABBEE-3138-411F-AB38-70A984A27246}.Debug|iPhoneSimulator.Build.0 = Debug|Any CPU
		{642ABBEE-3138-411F-AB38-70A984A27246}.Release|Any CPU.ActiveCfg = Release|Any CPU
		{642ABBEE-3138-411F-AB38-70A984A27246}.Release|Any CPU.Build.0 = Release|Any CPU
		{642ABBEE-3138-411F-AB38-70A984A27246}.Release|iPhone.ActiveCfg = Release|Any CPU
		{642ABBEE-3138-411F-AB38-70A984A27246}.Release|iPhone.Build.0 = Release|Any CPU
		{642ABBEE-3138-411F-AB38-70A984A27246}.Release|iPhoneSimulator.ActiveCfg = Release|Any CPU
		{642ABBEE-3138-411F-AB38-70A984A27246}.Release|iPhoneSimulator.Build.0 = Release|Any CPU
		{F13595FE-2B02-43FD-A523-61B5C3CEE851}.Ad-Hoc|Any CPU.ActiveCfg = Release|Any CPU
		{F13595FE-2B02-43FD-A523-61B5C3CEE851}.Ad-Hoc|Any CPU.Build.0 = Release|Any CPU
		{F13595FE-2B02-43FD-A523-61B5C3CEE851}.Ad-Hoc|iPhone.ActiveCfg = Release|Any CPU
		{F13595FE-2B02-43FD-A523-61B5C3CEE851}.Ad-Hoc|iPhone.Build.0 = Release|Any CPU
		{F13595FE-2B02-43FD-A523-61B5C3CEE851}.Ad-Hoc|iPhoneSimulator.ActiveCfg = Release|Any CPU
		{F13595FE-2B02-43FD-A523-61B5C3CEE851}.Ad-Hoc|iPhoneSimulator.Build.0 = Release|Any CPU
		{F13595FE-2B02-43FD-A523-61B5C3CEE851}.AppStore|Any CPU.ActiveCfg = Release|Any CPU
		{F13595FE-2B02-43FD-A523-61B5C3CEE851}.AppStore|Any CPU.Build.0 = Release|Any CPU
		{F13595FE-2B02-43FD-A523-61B5C3CEE851}.AppStore|iPhone.ActiveCfg = Release|Any CPU
		{F13595FE-2B02-43FD-A523-61B5C3CEE851}.AppStore|iPhone.Build.0 = Release|Any CPU
		{F13595FE-2B02-43FD-A523-61B5C3CEE851}.AppStore|iPhoneSimulator.ActiveCfg = Release|Any CPU
		{F13595FE-2B02-43FD-A523-61B5C3CEE851}.AppStore|iPhoneSimulator.Build.0 = Release|Any CPU
		{F13595FE-2B02-43FD-A523-61B5C3CEE851}.Debug|Any CPU.ActiveCfg = Debug|Any CPU
		{F13595FE-2B02-43FD-A523-61B5C3CEE851}.Debug|Any CPU.Build.0 = Debug|Any CPU
		{F13595FE-2B02-43FD-A523-61B5C3CEE851}.Debug|iPhone.ActiveCfg = Debug|Any CPU
		{F13595FE-2B02-43FD-A523-61B5C3CEE851}.Debug|iPhone.Build.0 = Debug|Any CPU
		{F13595FE-2B02-43FD-A523-61B5C3CEE851}.Debug|iPhoneSimulator.ActiveCfg = Debug|Any CPU
		{F13595FE-2B02-43FD-A523-61B5C3CEE851}.Debug|iPhoneSimulator.Build.0 = Debug|Any CPU
		{F13595FE-2B02-43FD-A523-61B5C3CEE851}.Release|Any CPU.ActiveCfg = Release|Any CPU
		{F13595FE-2B02-43FD-A523-61B5C3CEE851}.Release|Any CPU.Build.0 = Release|Any CPU
		{F13595FE-2B02-43FD-A523-61B5C3CEE851}.Release|iPhone.ActiveCfg = Release|Any CPU
		{F13595FE-2B02-43FD-A523-61B5C3CEE851}.Release|iPhone.Build.0 = Release|Any CPU
		{F13595FE-2B02-43FD-A523-61B5C3CEE851}.Release|iPhoneSimulator.ActiveCfg = Release|Any CPU
		{F13595FE-2B02-43FD-A523-61B5C3CEE851}.Release|iPhoneSimulator.Build.0 = Release|Any CPU
		{4F1960AE-7DF3-4382-BC14-87E6DA3E7194}.Ad-Hoc|Any CPU.ActiveCfg = Release|Any CPU
		{4F1960AE-7DF3-4382-BC14-87E6DA3E7194}.Ad-Hoc|Any CPU.Build.0 = Release|Any CPU
		{4F1960AE-7DF3-4382-BC14-87E6DA3E7194}.Ad-Hoc|iPhone.ActiveCfg = Release|Any CPU
		{4F1960AE-7DF3-4382-BC14-87E6DA3E7194}.Ad-Hoc|iPhone.Build.0 = Release|Any CPU
		{4F1960AE-7DF3-4382-BC14-87E6DA3E7194}.Ad-Hoc|iPhoneSimulator.ActiveCfg = Release|Any CPU
		{4F1960AE-7DF3-4382-BC14-87E6DA3E7194}.Ad-Hoc|iPhoneSimulator.Build.0 = Release|Any CPU
		{4F1960AE-7DF3-4382-BC14-87E6DA3E7194}.AppStore|Any CPU.ActiveCfg = Release|Any CPU
		{4F1960AE-7DF3-4382-BC14-87E6DA3E7194}.AppStore|Any CPU.Build.0 = Release|Any CPU
		{4F1960AE-7DF3-4382-BC14-87E6DA3E7194}.AppStore|iPhone.ActiveCfg = Release|Any CPU
		{4F1960AE-7DF3-4382-BC14-87E6DA3E7194}.AppStore|iPhone.Build.0 = Release|Any CPU
		{4F1960AE-7DF3-4382-BC14-87E6DA3E7194}.AppStore|iPhoneSimulator.ActiveCfg = Release|Any CPU
		{4F1960AE-7DF3-4382-BC14-87E6DA3E7194}.AppStore|iPhoneSimulator.Build.0 = Release|Any CPU
		{4F1960AE-7DF3-4382-BC14-87E6DA3E7194}.Debug|Any CPU.ActiveCfg = Debug|Any CPU
		{4F1960AE-7DF3-4382-BC14-87E6DA3E7194}.Debug|Any CPU.Build.0 = Debug|Any CPU
		{4F1960AE-7DF3-4382-BC14-87E6DA3E7194}.Debug|iPhone.ActiveCfg = Debug|Any CPU
		{4F1960AE-7DF3-4382-BC14-87E6DA3E7194}.Debug|iPhone.Build.0 = Debug|Any CPU
		{4F1960AE-7DF3-4382-BC14-87E6DA3E7194}.Debug|iPhoneSimulator.ActiveCfg = Debug|Any CPU
		{4F1960AE-7DF3-4382-BC14-87E6DA3E7194}.Debug|iPhoneSimulator.Build.0 = Debug|Any CPU
		{4F1960AE-7DF3-4382-BC14-87E6DA3E7194}.Release|Any CPU.ActiveCfg = Release|Any CPU
		{4F1960AE-7DF3-4382-BC14-87E6DA3E7194}.Release|Any CPU.Build.0 = Release|Any CPU
		{4F1960AE-7DF3-4382-BC14-87E6DA3E7194}.Release|iPhone.ActiveCfg = Release|Any CPU
		{4F1960AE-7DF3-4382-BC14-87E6DA3E7194}.Release|iPhone.Build.0 = Release|Any CPU
		{4F1960AE-7DF3-4382-BC14-87E6DA3E7194}.Release|iPhoneSimulator.ActiveCfg = Release|Any CPU
		{4F1960AE-7DF3-4382-BC14-87E6DA3E7194}.Release|iPhoneSimulator.Build.0 = Release|Any CPU
		{6A1EACB0-AB96-46AE-8C60-B2A9B8356D66}.Ad-Hoc|Any CPU.ActiveCfg = Release|Any CPU
		{6A1EACB0-AB96-46AE-8C60-B2A9B8356D66}.Ad-Hoc|Any CPU.Build.0 = Release|Any CPU
		{6A1EACB0-AB96-46AE-8C60-B2A9B8356D66}.Ad-Hoc|iPhone.ActiveCfg = Release|Any CPU
		{6A1EACB0-AB96-46AE-8C60-B2A9B8356D66}.Ad-Hoc|iPhone.Build.0 = Release|Any CPU
		{6A1EACB0-AB96-46AE-8C60-B2A9B8356D66}.Ad-Hoc|iPhoneSimulator.ActiveCfg = Release|Any CPU
		{6A1EACB0-AB96-46AE-8C60-B2A9B8356D66}.Ad-Hoc|iPhoneSimulator.Build.0 = Release|Any CPU
		{6A1EACB0-AB96-46AE-8C60-B2A9B8356D66}.AppStore|Any CPU.ActiveCfg = Release|Any CPU
		{6A1EACB0-AB96-46AE-8C60-B2A9B8356D66}.AppStore|Any CPU.Build.0 = Release|Any CPU
		{6A1EACB0-AB96-46AE-8C60-B2A9B8356D66}.AppStore|iPhone.ActiveCfg = Release|Any CPU
		{6A1EACB0-AB96-46AE-8C60-B2A9B8356D66}.AppStore|iPhone.Build.0 = Release|Any CPU
		{6A1EACB0-AB96-46AE-8C60-B2A9B8356D66}.AppStore|iPhoneSimulator.ActiveCfg = Release|Any CPU
		{6A1EACB0-AB96-46AE-8C60-B2A9B8356D66}.AppStore|iPhoneSimulator.Build.0 = Release|Any CPU
		{6A1EACB0-AB96-46AE-8C60-B2A9B8356D66}.Debug|Any CPU.ActiveCfg = Debug|Any CPU
		{6A1EACB0-AB96-46AE-8C60-B2A9B8356D66}.Debug|Any CPU.Build.0 = Debug|Any CPU
		{6A1EACB0-AB96-46AE-8C60-B2A9B8356D66}.Debug|iPhone.ActiveCfg = Debug|Any CPU
		{6A1EACB0-AB96-46AE-8C60-B2A9B8356D66}.Debug|iPhone.Build.0 = Debug|Any CPU
		{6A1EACB0-AB96-46AE-8C60-B2A9B8356D66}.Debug|iPhoneSimulator.ActiveCfg = Debug|Any CPU
		{6A1EACB0-AB96-46AE-8C60-B2A9B8356D66}.Debug|iPhoneSimulator.Build.0 = Debug|Any CPU
		{6A1EACB0-AB96-46AE-8C60-B2A9B8356D66}.Release|Any CPU.ActiveCfg = Release|Any CPU
		{6A1EACB0-AB96-46AE-8C60-B2A9B8356D66}.Release|Any CPU.Build.0 = Release|Any CPU
		{6A1EACB0-AB96-46AE-8C60-B2A9B8356D66}.Release|iPhone.ActiveCfg = Release|Any CPU
		{6A1EACB0-AB96-46AE-8C60-B2A9B8356D66}.Release|iPhone.Build.0 = Release|Any CPU
		{6A1EACB0-AB96-46AE-8C60-B2A9B8356D66}.Release|iPhoneSimulator.ActiveCfg = Release|Any CPU
		{6A1EACB0-AB96-46AE-8C60-B2A9B8356D66}.Release|iPhoneSimulator.Build.0 = Release|Any CPU
		{338CDEA6-76EF-4DCF-A848-866CBEAD6055}.Ad-Hoc|Any CPU.ActiveCfg = Debug|Any CPU
		{338CDEA6-76EF-4DCF-A848-866CBEAD6055}.Ad-Hoc|Any CPU.Build.0 = Debug|Any CPU
		{338CDEA6-76EF-4DCF-A848-866CBEAD6055}.Ad-Hoc|Any CPU.Deploy.0 = Debug|Any CPU
		{338CDEA6-76EF-4DCF-A848-866CBEAD6055}.Ad-Hoc|iPhone.ActiveCfg = Debug|Any CPU
		{338CDEA6-76EF-4DCF-A848-866CBEAD6055}.Ad-Hoc|iPhone.Build.0 = Debug|Any CPU
		{338CDEA6-76EF-4DCF-A848-866CBEAD6055}.Ad-Hoc|iPhone.Deploy.0 = Debug|Any CPU
		{338CDEA6-76EF-4DCF-A848-866CBEAD6055}.Ad-Hoc|iPhoneSimulator.ActiveCfg = Debug|Any CPU
		{338CDEA6-76EF-4DCF-A848-866CBEAD6055}.Ad-Hoc|iPhoneSimulator.Build.0 = Debug|Any CPU
		{338CDEA6-76EF-4DCF-A848-866CBEAD6055}.Ad-Hoc|iPhoneSimulator.Deploy.0 = Debug|Any CPU
		{338CDEA6-76EF-4DCF-A848-866CBEAD6055}.AppStore|Any CPU.ActiveCfg = Debug|Any CPU
		{338CDEA6-76EF-4DCF-A848-866CBEAD6055}.AppStore|Any CPU.Build.0 = Debug|Any CPU
		{338CDEA6-76EF-4DCF-A848-866CBEAD6055}.AppStore|Any CPU.Deploy.0 = Debug|Any CPU
		{338CDEA6-76EF-4DCF-A848-866CBEAD6055}.AppStore|iPhone.ActiveCfg = Debug|Any CPU
		{338CDEA6-76EF-4DCF-A848-866CBEAD6055}.AppStore|iPhone.Build.0 = Debug|Any CPU
		{338CDEA6-76EF-4DCF-A848-866CBEAD6055}.AppStore|iPhone.Deploy.0 = Debug|Any CPU
		{338CDEA6-76EF-4DCF-A848-866CBEAD6055}.AppStore|iPhoneSimulator.ActiveCfg = Debug|Any CPU
		{338CDEA6-76EF-4DCF-A848-866CBEAD6055}.AppStore|iPhoneSimulator.Build.0 = Debug|Any CPU
		{338CDEA6-76EF-4DCF-A848-866CBEAD6055}.AppStore|iPhoneSimulator.Deploy.0 = Debug|Any CPU
		{338CDEA6-76EF-4DCF-A848-866CBEAD6055}.Debug|Any CPU.ActiveCfg = Debug|Any CPU
		{338CDEA6-76EF-4DCF-A848-866CBEAD6055}.Debug|Any CPU.Build.0 = Debug|Any CPU
		{338CDEA6-76EF-4DCF-A848-866CBEAD6055}.Debug|Any CPU.Deploy.0 = Debug|Any CPU
		{338CDEA6-76EF-4DCF-A848-866CBEAD6055}.Debug|iPhone.ActiveCfg = Debug|Any CPU
		{338CDEA6-76EF-4DCF-A848-866CBEAD6055}.Debug|iPhone.Build.0 = Debug|Any CPU
		{338CDEA6-76EF-4DCF-A848-866CBEAD6055}.Debug|iPhone.Deploy.0 = Debug|Any CPU
		{338CDEA6-76EF-4DCF-A848-866CBEAD6055}.Debug|iPhoneSimulator.ActiveCfg = Debug|Any CPU
		{338CDEA6-76EF-4DCF-A848-866CBEAD6055}.Debug|iPhoneSimulator.Build.0 = Debug|Any CPU
		{338CDEA6-76EF-4DCF-A848-866CBEAD6055}.Debug|iPhoneSimulator.Deploy.0 = Debug|Any CPU
		{338CDEA6-76EF-4DCF-A848-866CBEAD6055}.Release|Any CPU.ActiveCfg = Release|Any CPU
		{338CDEA6-76EF-4DCF-A848-866CBEAD6055}.Release|Any CPU.Build.0 = Release|Any CPU
		{338CDEA6-76EF-4DCF-A848-866CBEAD6055}.Release|Any CPU.Deploy.0 = Release|Any CPU
		{338CDEA6-76EF-4DCF-A848-866CBEAD6055}.Release|iPhone.ActiveCfg = Release|Any CPU
		{338CDEA6-76EF-4DCF-A848-866CBEAD6055}.Release|iPhone.Build.0 = Release|Any CPU
		{338CDEA6-76EF-4DCF-A848-866CBEAD6055}.Release|iPhone.Deploy.0 = Release|Any CPU
		{338CDEA6-76EF-4DCF-A848-866CBEAD6055}.Release|iPhoneSimulator.ActiveCfg = Release|Any CPU
		{338CDEA6-76EF-4DCF-A848-866CBEAD6055}.Release|iPhoneSimulator.Build.0 = Release|Any CPU
		{338CDEA6-76EF-4DCF-A848-866CBEAD6055}.Release|iPhoneSimulator.Deploy.0 = Release|Any CPU
		{8F8EFA3C-F667-467F-93C2-81413691ACDC}.Ad-Hoc|Any CPU.ActiveCfg = Ad-Hoc|iPhoneSimulator
		{8F8EFA3C-F667-467F-93C2-81413691ACDC}.Ad-Hoc|iPhone.ActiveCfg = Ad-Hoc|iPhone
		{8F8EFA3C-F667-467F-93C2-81413691ACDC}.Ad-Hoc|iPhone.Build.0 = Ad-Hoc|iPhone
		{8F8EFA3C-F667-467F-93C2-81413691ACDC}.Ad-Hoc|iPhoneSimulator.ActiveCfg = Ad-Hoc|iPhoneSimulator
		{8F8EFA3C-F667-467F-93C2-81413691ACDC}.Ad-Hoc|iPhoneSimulator.Build.0 = Ad-Hoc|iPhoneSimulator
		{8F8EFA3C-F667-467F-93C2-81413691ACDC}.AppStore|Any CPU.ActiveCfg = AppStore|iPhoneSimulator
		{8F8EFA3C-F667-467F-93C2-81413691ACDC}.AppStore|iPhone.ActiveCfg = AppStore|iPhone
		{8F8EFA3C-F667-467F-93C2-81413691ACDC}.AppStore|iPhone.Build.0 = AppStore|iPhone
		{8F8EFA3C-F667-467F-93C2-81413691ACDC}.AppStore|iPhoneSimulator.ActiveCfg = AppStore|iPhoneSimulator
		{8F8EFA3C-F667-467F-93C2-81413691ACDC}.AppStore|iPhoneSimulator.Build.0 = AppStore|iPhoneSimulator
		{8F8EFA3C-F667-467F-93C2-81413691ACDC}.Debug|Any CPU.ActiveCfg = Debug|iPhoneSimulator
		{8F8EFA3C-F667-467F-93C2-81413691ACDC}.Debug|iPhone.ActiveCfg = Debug|iPhone
		{8F8EFA3C-F667-467F-93C2-81413691ACDC}.Debug|iPhone.Build.0 = Debug|iPhone
		{8F8EFA3C-F667-467F-93C2-81413691ACDC}.Debug|iPhoneSimulator.ActiveCfg = Debug|iPhoneSimulator
		{8F8EFA3C-F667-467F-93C2-81413691ACDC}.Debug|iPhoneSimulator.Build.0 = Debug|iPhoneSimulator
		{8F8EFA3C-F667-467F-93C2-81413691ACDC}.Release|Any CPU.ActiveCfg = Release|iPhoneSimulator
		{8F8EFA3C-F667-467F-93C2-81413691ACDC}.Release|iPhone.ActiveCfg = Release|iPhone
		{8F8EFA3C-F667-467F-93C2-81413691ACDC}.Release|iPhone.Build.0 = Release|iPhone
		{8F8EFA3C-F667-467F-93C2-81413691ACDC}.Release|iPhoneSimulator.ActiveCfg = Release|iPhoneSimulator
		{8F8EFA3C-F667-467F-93C2-81413691ACDC}.Release|iPhoneSimulator.Build.0 = Release|iPhoneSimulator
	EndGlobalSection
	GlobalSection(SolutionProperties) = preSolution
		HideSolutionNode = FALSE
	EndGlobalSection
	GlobalSection(ExtensibilityGlobals) = postSolution
		SolutionGuid = {54D8D6CE-D78F-4D74-86F3-6240582147D7}
	EndGlobalSection
EndGlobal
