
Microsoft Visual Studio Solution File, Format Version 12.00
# Visual Studio Version 16
VisualStudioVersion = 16.0.30503.244
MinimumVisualStudioVersion = 10.0.40219.1
Project("{9A19103F-16F7-4668-BE54-9A1E7A4F7556}") = "Mecanica.App", "Mecanica.App\Mecanica.App\Mecanica.App.csproj", "{8475EB31-F073-4393-9B27-B1207EF628E3}"
EndProject
Project("{FAE04EC0-301F-11D3-BF4B-00C04F79EFBC}") = "Mecanica.App.Android", "Mecanica.App\Mecanica.App.Android\Mecanica.App.Android.csproj", "{7CB5AB32-6CE6-4BCA-A5BC-8A3014BE1985}"
EndProject
Project("{FAE04EC0-301F-11D3-BF4B-00C04F79EFBC}") = "Mecanica.App.iOS", "Mecanica.App\Mecanica.App.iOS\Mecanica.App.iOS.csproj", "{897B42B3-4E1C-4B13-9603-8DEE08E02806}"
EndProject
Project("{9A19103F-16F7-4668-BE54-9A1E7A4F7556}") = "Mecanica.Modelos", "..\Mecanica.Modelos\Mecanica.Modelos.csproj", "{642ABBEE-3138-411F-AB38-70A984A27246}"
EndProject
Project("{9A19103F-16F7-4668-BE54-9A1E7A4F7556}") = "Mecanica.Repositorios", "..\Mecanica.Repositorios\Mecanica.Repositorios.csproj", "{F13595FE-2B02-43FD-A523-61B5C3CEE851}"
EndProject
Project("{FAE04EC0-301F-11D3-BF4B-00C04F79EFBC}") = "Mecanica.API", "..\Mecanica.API\Mecanica.API.csproj", "{4F1960AE-7DF3-4382-BC14-87E6DA3E7194}"
EndProject
Global
	GlobalSection(SolutionConfigurationPlatforms) = preSolution
		Ad-Hoc|Any CPU = Ad-Hoc|Any CPU
		Ad-Hoc|iPhone = Ad-Hoc|iPhone
		Ad-Hoc|iPhoneSimulator = Ad-Hoc|iPhoneSimulator
		AppStore|Any CPU = AppStore|Any CPU
		AppStore|iPhone = AppStore|iPhone
		AppStore|iPhoneSimulator = AppStore|iPhoneSimulator
		Debug|Any CPU = Debug|Any CPU
		Debug|iPhone = Debug|iPhone
		Debug|iPhoneSimulator = Debug|iPhoneSimulator
		Release|Any CPU = Release|Any CPU
		Release|iPhone = Release|iPhone
		Release|iPhoneSimulator = Release|iPhoneSimulator
	EndGlobalSection
	GlobalSection(ProjectConfigurationPlatforms) = postSolution
		{8475EB31-F073-4393-9B27-B1207EF628E3}.Ad-Hoc|Any CPU.ActiveCfg = Release|Any CPU
		{8475EB31-F073-4393-9B27-B1207EF628E3}.Ad-Hoc|Any CPU.Build.0 = Release|Any CPU
		{8475EB31-F073-4393-9B27-B1207EF628E3}.Ad-Hoc|iPhone.ActiveCfg = Release|Any CPU
		{8475EB31-F073-4393-9B27-B1207EF628E3}.Ad-Hoc|iPhone.Build.0 = Release|Any CPU
		{8475EB31-F073-4393-9B27-B1207EF628E3}.Ad-Hoc|iPhoneSimulator.ActiveCfg = Release|Any CPU
		{8475EB31-F073-4393-9B27-B1207EF628E3}.Ad-Hoc|iPhoneSimulator.Build.0 = Release|Any CPU
		{8475EB31-F073-4393-9B27-B1207EF628E3}.AppStore|Any CPU.ActiveCfg = Release|Any CPU
		{8475EB31-F073-4393-9B27-B1207EF628E3}.AppStore|Any CPU.Build.0 = Release|Any CPU
		{8475EB31-F073-4393-9B27-B1207EF628E3}.AppStore|iPhone.ActiveCfg = Release|Any CPU
		{8475EB31-F073-4393-9B27-B1207EF628E3}.AppStore|iPhone.Build.0 = Release|Any CPU
		{8475EB31-F073-4393-9B27-B1207EF628E3}.AppStore|iPhoneSimulator.ActiveCfg = Release|Any CPU
		{8475EB31-F073-4393-9B27-B1207EF628E3}.AppStore|iPhoneSimulator.Build.0 = Release|Any CPU
		{8475EB31-F073-4393-9B27-B1207EF628E3}.Debug|Any CPU.ActiveCfg = Debug|Any CPU
		{8475EB31-F073-4393-9B27-B1207EF628E3}.Debug|Any CPU.Build.0 = Debug|Any CPU
		{8475EB31-F073-4393-9B27-B1207EF628E3}.Debug|iPhone.ActiveCfg = Debug|Any CPU
		{8475EB31-F073-4393-9B27-B1207EF628E3}.Debug|iPhone.Build.0 = Debug|Any CPU
		{8475EB31-F073-4393-9B27-B1207EF628E3}.Debug|iPhoneSimulator.ActiveCfg = Debug|Any CPU
		{8475EB31-F073-4393-9B27-B1207EF628E3}.Debug|iPhoneSimulator.Build.0 = Debug|Any CPU
		{8475EB31-F073-4393-9B27-B1207EF628E3}.Release|Any CPU.ActiveCfg = Release|Any CPU
		{8475EB31-F073-4393-9B27-B1207EF628E3}.Release|Any CPU.Build.0 = Release|Any CPU
		{8475EB31-F073-4393-9B27-B1207EF628E3}.Release|iPhone.ActiveCfg = Release|Any CPU
		{8475EB31-F073-4393-9B27-B1207EF628E3}.Release|iPhone.Build.0 = Release|Any CPU
		{8475EB31-F073-4393-9B27-B1207EF628E3}.Release|iPhoneSimulator.ActiveCfg = Release|Any CPU
		{8475EB31-F073-4393-9B27-B1207EF628E3}.Release|iPhoneSimulator.Build.0 = Release|Any CPU
		{7CB5AB32-6CE6-4BCA-A5BC-8A3014BE1985}.Ad-Hoc|Any CPU.ActiveCfg = Debug|Any CPU
		{7CB5AB32-6CE6-4BCA-A5BC-8A3014BE1985}.Ad-Hoc|Any CPU.Build.0 = Debug|Any CPU
		{7CB5AB32-6CE6-4BCA-A5BC-8A3014BE1985}.Ad-Hoc|Any CPU.Deploy.0 = Debug|Any CPU
		{7CB5AB32-6CE6-4BCA-A5BC-8A3014BE1985}.Ad-Hoc|iPhone.ActiveCfg = Debug|Any CPU
		{7CB5AB32-6CE6-4BCA-A5BC-8A3014BE1985}.Ad-Hoc|iPhone.Build.0 = Debug|Any CPU
		{7CB5AB32-6CE6-4BCA-A5BC-8A3014BE1985}.Ad-Hoc|iPhone.Deploy.0 = Debug|Any CPU
		{7CB5AB32-6CE6-4BCA-A5BC-8A3014BE1985}.Ad-Hoc|iPhoneSimulator.ActiveCfg = Debug|Any CPU
		{7CB5AB32-6CE6-4BCA-A5BC-8A3014BE1985}.Ad-Hoc|iPhoneSimulator.Build.0 = Debug|Any CPU
		{7CB5AB32-6CE6-4BCA-A5BC-8A3014BE1985}.Ad-Hoc|iPhoneSimulator.Deploy.0 = Debug|Any CPU
		{7CB5AB32-6CE6-4BCA-A5BC-8A3014BE1985}.AppStore|Any CPU.ActiveCfg = Debug|Any CPU
		{7CB5AB32-6CE6-4BCA-A5BC-8A3014BE1985}.AppStore|Any CPU.Build.0 = Debug|Any CPU
		{7CB5AB32-6CE6-4BCA-A5BC-8A3014BE1985}.AppStore|Any CPU.Deploy.0 = Debug|Any CPU
		{7CB5AB32-6CE6-4BCA-A5BC-8A3014BE1985}.AppStore|iPhone.ActiveCfg = Debug|Any CPU
		{7CB5AB32-6CE6-4BCA-A5BC-8A3014BE1985}.AppStore|iPhone.Build.0 = Debug|Any CPU
		{7CB5AB32-6CE6-4BCA-A5BC-8A3014BE1985}.AppStore|iPhone.Deploy.0 = Debug|Any CPU
		{7CB5AB32-6CE6-4BCA-A5BC-8A3014BE1985}.AppStore|iPhoneSimulator.ActiveCfg = Debug|Any CPU
		{7CB5AB32-6CE6-4BCA-A5BC-8A3014BE1985}.AppStore|iPhoneSimulator.Build.0 = Debug|Any CPU
		{7CB5AB32-6CE6-4BCA-A5BC-8A3014BE1985}.AppStore|iPhoneSimulator.Deploy.0 = Debug|Any CPU
		{7CB5AB32-6CE6-4BCA-A5BC-8A3014BE1985}.Debug|Any CPU.ActiveCfg = Debug|Any CPU
		{7CB5AB32-6CE6-4BCA-A5BC-8A3014BE1985}.Debug|Any CPU.Build.0 = Debug|Any CPU
		{7CB5AB32-6CE6-4BCA-A5BC-8A3014BE1985}.Debug|Any CPU.Deploy.0 = Debug|Any CPU
		{7CB5AB32-6CE6-4BCA-A5BC-8A3014BE1985}.Debug|iPhone.ActiveCfg = Debug|Any CPU
		{7CB5AB32-6CE6-4BCA-A5BC-8A3014BE1985}.Debug|iPhone.Build.0 = Debug|Any CPU
		{7CB5AB32-6CE6-4BCA-A5BC-8A3014BE1985}.Debug|iPhone.Deploy.0 = Debug|Any CPU
		{7CB5AB32-6CE6-4BCA-A5BC-8A3014BE1985}.Debug|iPhoneSimulator.ActiveCfg = Debug|Any CPU
		{7CB5AB32-6CE6-4BCA-A5BC-8A3014BE1985}.Debug|iPhoneSimulator.Build.0 = Debug|Any CPU
		{7CB5AB32-6CE6-4BCA-A5BC-8A3014BE1985}.Debug|iPhoneSimulator.Deploy.0 = Debug|Any CPU
		{7CB5AB32-6CE6-4BCA-A5BC-8A3014BE1985}.Release|Any CPU.ActiveCfg = Release|Any CPU
		{7CB5AB32-6CE6-4BCA-A5BC-8A3014BE1985}.Release|Any CPU.Build.0 = Release|Any CPU
		{7CB5AB32-6CE6-4BCA-A5BC-8A3014BE1985}.Release|Any CPU.Deploy.0 = Release|Any CPU
		{7CB5AB32-6CE6-4BCA-A5BC-8A3014BE1985}.Release|iPhone.ActiveCfg = Release|Any CPU
		{7CB5AB32-6CE6-4BCA-A5BC-8A3014BE1985}.Release|iPhone.Build.0 = Release|Any CPU
		{7CB5AB32-6CE6-4BCA-A5BC-8A3014BE1985}.Release|iPhone.Deploy.0 = Release|Any CPU
		{7CB5AB32-6CE6-4BCA-A5BC-8A3014BE1985}.Release|iPhoneSimulator.ActiveCfg = Release|Any CPU
		{7CB5AB32-6CE6-4BCA-A5BC-8A3014BE1985}.Release|iPhoneSimulator.Build.0 = Release|Any CPU
		{7CB5AB32-6CE6-4BCA-A5BC-8A3014BE1985}.Release|iPhoneSimulator.Deploy.0 = Release|Any CPU
		{897B42B3-4E1C-4B13-9603-8DEE08E02806}.Ad-Hoc|Any CPU.ActiveCfg = Ad-Hoc|iPhoneSimulator
		{897B42B3-4E1C-4B13-9603-8DEE08E02806}.Ad-Hoc|iPhone.ActiveCfg = Ad-Hoc|iPhone
		{897B42B3-4E1C-4B13-9603-8DEE08E02806}.Ad-Hoc|iPhone.Build.0 = Ad-Hoc|iPhone
		{897B42B3-4E1C-4B13-9603-8DEE08E02806}.Ad-Hoc|iPhoneSimulator.ActiveCfg = Ad-Hoc|iPhoneSimulator
		{897B42B3-4E1C-4B13-9603-8DEE08E02806}.Ad-Hoc|iPhoneSimulator.Build.0 = Ad-Hoc|iPhoneSimulator
		{897B42B3-4E1C-4B13-9603-8DEE08E02806}.AppStore|Any CPU.ActiveCfg = AppStore|iPhoneSimulator
		{897B42B3-4E1C-4B13-9603-8DEE08E02806}.AppStore|iPhone.ActiveCfg = AppStore|iPhone
		{897B42B3-4E1C-4B13-9603-8DEE08E02806}.AppStore|iPhone.Build.0 = AppStore|iPhone
		{897B42B3-4E1C-4B13-9603-8DEE08E02806}.AppStore|iPhoneSimulator.ActiveCfg = AppStore|iPhoneSimulator
		{897B42B3-4E1C-4B13-9603-8DEE08E02806}.AppStore|iPhoneSimulator.Build.0 = AppStore|iPhoneSimulator
		{897B42B3-4E1C-4B13-9603-8DEE08E02806}.Debug|Any CPU.ActiveCfg = Debug|iPhoneSimulator
		{897B42B3-4E1C-4B13-9603-8DEE08E02806}.Debug|iPhone.ActiveCfg = Debug|iPhone
		{897B42B3-4E1C-4B13-9603-8DEE08E02806}.Debug|iPhone.Build.0 = Debug|iPhone
		{897B42B3-4E1C-4B13-9603-8DEE08E02806}.Debug|iPhoneSimulator.ActiveCfg = Debug|iPhoneSimulator
		{897B42B3-4E1C-4B13-9603-8DEE08E02806}.Debug|iPhoneSimulator.Build.0 = Debug|iPhoneSimulator
		{897B42B3-4E1C-4B13-9603-8DEE08E02806}.Release|Any CPU.ActiveCfg = Release|iPhoneSimulator
		{897B42B3-4E1C-4B13-9603-8DEE08E02806}.Release|iPhone.ActiveCfg = Release|iPhone
		{897B42B3-4E1C-4B13-9603-8DEE08E02806}.Release|iPhone.Build.0 = Release|iPhone
		{897B42B3-4E1C-4B13-9603-8DEE08E02806}.Release|iPhoneSimulator.ActiveCfg = Release|iPhoneSimulator
		{897B42B3-4E1C-4B13-9603-8DEE08E02806}.Release|iPhoneSimulator.Build.0 = Release|iPhoneSimulator
		{642ABBEE-3138-411F-AB38-70A984A27246}.Ad-Hoc|Any CPU.ActiveCfg = Release|Any CPU
		{642ABBEE-3138-411F-AB38-70A984A27246}.Ad-Hoc|Any CPU.Build.0 = Release|Any CPU
		{642ABBEE-3138-411F-AB38-70A984A27246}.Ad-Hoc|iPhone.ActiveCfg = Release|Any CPU
		{642ABBEE-3138-411F-AB38-70A984A27246}.Ad-Hoc|iPhone.Build.0 = Release|Any CPU
		{642ABBEE-3138-411F-AB38-70A984A27246}.Ad-Hoc|iPhoneSimulator.ActiveCfg = Release|Any CPU
		{642ABBEE-3138-411F-AB38-70A984A27246}.Ad-Hoc|iPhoneSimulator.Build.0 = Release|Any CPU
		{642ABBEE-3138-411F-AB38-70A984A27246}.AppStore|Any CPU.ActiveCfg = Release|Any CPU
		{642ABBEE-3138-411F-AB38-70A984A27246}.AppStore|Any CPU.Build.0 = Release|Any CPU
		{642ABBEE-3138-411F-AB38-70A984A27246}.AppStore|iPhone.ActiveCfg = Release|Any CPU
		{642ABBEE-3138-411F-AB38-70A984A27246}.AppStore|iPhone.Build.0 = Release|Any CPU
		{642ABBEE-3138-411F-AB38-70A984A27246}.AppStore|iPhoneSimulator.ActiveCfg = Release|Any CPU
		{642ABBEE-3138-411F-AB38-70A984A27246}.AppStore|iPhoneSimulator.Build.0 = Release|Any CPU
		{642ABBEE-3138-411F-AB38-70A984A27246}.Debug|Any CPU.ActiveCfg = Debug|Any CPU
		{642ABBEE-3138-411F-AB38-70A984A27246}.Debug|Any CPU.Build.0 = Debug|Any CPU
		{642ABBEE-3138-411F-AB38-70A984A27246}.Debug|iPhone.ActiveCfg = Debug|Any CPU
		{642ABBEE-3138-411F-AB38-70A984A27246}.Debug|iPhone.Build.0 = Debug|Any CPU
		{642ABBEE-3138-411F-AB38-70A984A27246}.Debug|iPhoneSimulator.ActiveCfg = Debug|Any CPU
		{642ABBEE-3138-411F-AB38-70A984A27246}.Debug|iPhoneSimulator.Build.0 = Debug|Any CPU
		{642ABBEE-3138-411F-AB38-70A984A27246}.Release|Any CPU.ActiveCfg = Release|Any CPU
		{642ABBEE-3138-411F-AB38-70A984A27246}.Release|Any CPU.Build.0 = Release|Any CPU
		{642ABBEE-3138-411F-AB38-70A984A27246}.Release|iPhone.ActiveCfg = Release|Any CPU
		{642ABBEE-3138-411F-AB38-70A984A27246}.Release|iPhone.Build.0 = Release|Any CPU
		{642ABBEE-3138-411F-AB38-70A984A27246}.Release|iPhoneSimulator.ActiveCfg = Release|Any CPU
		{642ABBEE-3138-411F-AB38-70A984A27246}.Release|iPhoneSimulator.Build.0 = Release|Any CPU
		{F13595FE-2B02-43FD-A523-61B5C3CEE851}.Ad-Hoc|Any CPU.ActiveCfg = Release|Any CPU
		{F13595FE-2B02-43FD-A523-61B5C3CEE851}.Ad-Hoc|Any CPU.Build.0 = Release|Any CPU
		{F13595FE-2B02-43FD-A523-61B5C3CEE851}.Ad-Hoc|iPhone.ActiveCfg = Release|Any CPU
		{F13595FE-2B02-43FD-A523-61B5C3CEE851}.Ad-Hoc|iPhone.Build.0 = Release|Any CPU
		{F13595FE-2B02-43FD-A523-61B5C3CEE851}.Ad-Hoc|iPhoneSimulator.ActiveCfg = Release|Any CPU
		{F13595FE-2B02-43FD-A523-61B5C3CEE851}.Ad-Hoc|iPhoneSimulator.Build.0 = Release|Any CPU
		{F13595FE-2B02-43FD-A523-61B5C3CEE851}.AppStore|Any CPU.ActiveCfg = Release|Any CPU
		{F13595FE-2B02-43FD-A523-61B5C3CEE851}.AppStore|Any CPU.Build.0 = Release|Any CPU
		{F13595FE-2B02-43FD-A523-61B5C3CEE851}.AppStore|iPhone.ActiveCfg = Release|Any CPU
		{F13595FE-2B02-43FD-A523-61B5C3CEE851}.AppStore|iPhone.Build.0 = Release|Any CPU
		{F13595FE-2B02-43FD-A523-61B5C3CEE851}.AppStore|iPhoneSimulator.ActiveCfg = Release|Any CPU
		{F13595FE-2B02-43FD-A523-61B5C3CEE851}.AppStore|iPhoneSimulator.Build.0 = Release|Any CPU
		{F13595FE-2B02-43FD-A523-61B5C3CEE851}.Debug|Any CPU.ActiveCfg = Debug|Any CPU
		{F13595FE-2B02-43FD-A523-61B5C3CEE851}.Debug|Any CPU.Build.0 = Debug|Any CPU
		{F13595FE-2B02-43FD-A523-61B5C3CEE851}.Debug|iPhone.ActiveCfg = Debug|Any CPU
		{F13595FE-2B02-43FD-A523-61B5C3CEE851}.Debug|iPhone.Build.0 = Debug|Any CPU
		{F13595FE-2B02-43FD-A523-61B5C3CEE851}.Debug|iPhoneSimulator.ActiveCfg = Debug|Any CPU
		{F13595FE-2B02-43FD-A523-61B5C3CEE851}.Debug|iPhoneSimulator.Build.0 = Debug|Any CPU
		{F13595FE-2B02-43FD-A523-61B5C3CEE851}.Release|Any CPU.ActiveCfg = Release|Any CPU
		{F13595FE-2B02-43FD-A523-61B5C3CEE851}.Release|Any CPU.Build.0 = Release|Any CPU
		{F13595FE-2B02-43FD-A523-61B5C3CEE851}.Release|iPhone.ActiveCfg = Release|Any CPU
		{F13595FE-2B02-43FD-A523-61B5C3CEE851}.Release|iPhone.Build.0 = Release|Any CPU
		{F13595FE-2B02-43FD-A523-61B5C3CEE851}.Release|iPhoneSimulator.ActiveCfg = Release|Any CPU
		{F13595FE-2B02-43FD-A523-61B5C3CEE851}.Release|iPhoneSimulator.Build.0 = Release|Any CPU
		{4F1960AE-7DF3-4382-BC14-87E6DA3E7194}.Ad-Hoc|Any CPU.ActiveCfg = Release|Any CPU
		{4F1960AE-7DF3-4382-BC14-87E6DA3E7194}.Ad-Hoc|Any CPU.Build.0 = Release|Any CPU
		{4F1960AE-7DF3-4382-BC14-87E6DA3E7194}.Ad-Hoc|iPhone.ActiveCfg = Release|Any CPU
		{4F1960AE-7DF3-4382-BC14-87E6DA3E7194}.Ad-Hoc|iPhone.Build.0 = Release|Any CPU
		{4F1960AE-7DF3-4382-BC14-87E6DA3E7194}.Ad-Hoc|iPhoneSimulator.ActiveCfg = Release|Any CPU
		{4F1960AE-7DF3-4382-BC14-87E6DA3E7194}.Ad-Hoc|iPhoneSimulator.Build.0 = Release|Any CPU
		{4F1960AE-7DF3-4382-BC14-87E6DA3E7194}.AppStore|Any CPU.ActiveCfg = Release|Any CPU
		{4F1960AE-7DF3-4382-BC14-87E6DA3E7194}.AppStore|Any CPU.Build.0 = Release|Any CPU
		{4F1960AE-7DF3-4382-BC14-87E6DA3E7194}.AppStore|iPhone.ActiveCfg = Release|Any CPU
		{4F1960AE-7DF3-4382-BC14-87E6DA3E7194}.AppStore|iPhone.Build.0 = Release|Any CPU
		{4F1960AE-7DF3-4382-BC14-87E6DA3E7194}.AppStore|iPhoneSimulator.ActiveCfg = Release|Any CPU
		{4F1960AE-7DF3-4382-BC14-87E6DA3E7194}.AppStore|iPhoneSimulator.Build.0 = Release|Any CPU
		{4F1960AE-7DF3-4382-BC14-87E6DA3E7194}.Debug|Any CPU.ActiveCfg = Debug|Any CPU
		{4F1960AE-7DF3-4382-BC14-87E6DA3E7194}.Debug|Any CPU.Build.0 = Debug|Any CPU
		{4F1960AE-7DF3-4382-BC14-87E6DA3E7194}.Debug|iPhone.ActiveCfg = Debug|Any CPU
		{4F1960AE-7DF3-4382-BC14-87E6DA3E7194}.Debug|iPhone.Build.0 = Debug|Any CPU
		{4F1960AE-7DF3-4382-BC14-87E6DA3E7194}.Debug|iPhoneSimulator.ActiveCfg = Debug|Any CPU
		{4F1960AE-7DF3-4382-BC14-87E6DA3E7194}.Debug|iPhoneSimulator.Build.0 = Debug|Any CPU
		{4F1960AE-7DF3-4382-BC14-87E6DA3E7194}.Release|Any CPU.ActiveCfg = Release|Any CPU
		{4F1960AE-7DF3-4382-BC14-87E6DA3E7194}.Release|Any CPU.Build.0 = Release|Any CPU
		{4F1960AE-7DF3-4382-BC14-87E6DA3E7194}.Release|iPhone.ActiveCfg = Release|Any CPU
		{4F1960AE-7DF3-4382-BC14-87E6DA3E7194}.Release|iPhone.Build.0 = Release|Any CPU
		{4F1960AE-7DF3-4382-BC14-87E6DA3E7194}.Release|iPhoneSimulator.ActiveCfg = Release|Any CPU
		{4F1960AE-7DF3-4382-BC14-87E6DA3E7194}.Release|iPhoneSimulator.Build.0 = Release|Any CPU
	EndGlobalSection
	GlobalSection(SolutionProperties) = preSolution
		HideSolutionNode = FALSE
	EndGlobalSection
	GlobalSection(ExtensibilityGlobals) = postSolution
		SolutionGuid = {54D8D6CE-D78F-4D74-86F3-6240582147D7}
	EndGlobalSection
EndGlobal
